// !$*UTF8*$!
{
	archiveVersion = 1;
	classes = {
	};
	objectVersion = 46;
	objects = {

/* Begin PBXBuildFile section */
		849E1F1F1C7ED8CE00FA8E8F /* main.m in Sources */ = {isa = PBXBuildFile; fileRef = 849E1F1E1C7ED8CE00FA8E8F /* main.m */; };
		849E1F221C7ED8CE00FA8E8F /* AppDelegate.m in Sources */ = {isa = PBXBuildFile; fileRef = 849E1F211C7ED8CE00FA8E8F /* AppDelegate.m */; };
		849E1F251C7ED8CE00FA8E8F /* ViewController.m in Sources */ = {isa = PBXBuildFile; fileRef = 849E1F241C7ED8CE00FA8E8F /* ViewController.m */; };
		849E1F281C7ED8CE00FA8E8F /* Main.storyboard in Resources */ = {isa = PBXBuildFile; fileRef = 849E1F261C7ED8CE00FA8E8F /* Main.storyboard */; };
		849E1F2A1C7ED8CE00FA8E8F /* Images.xcassets in Resources */ = {isa = PBXBuildFile; fileRef = 849E1F291C7ED8CE00FA8E8F /* Images.xcassets */; };
		849E1F2D1C7ED8CE00FA8E8F /* LaunchScreen.xib in Resources */ = {isa = PBXBuildFile; fileRef = 849E1F2B1C7ED8CE00FA8E8F /* LaunchScreen.xib */; };
		849E1F391C7ED8CE00FA8E8F /* Functional_ModuleTests.m in Sources */ = {isa = PBXBuildFile; fileRef = 849E1F381C7ED8CE00FA8E8F /* Functional_ModuleTests.m */; };
/* End PBXBuildFile section */

/* Begin PBXContainerItemProxy section */
		849E1F331C7ED8CE00FA8E8F /* PBXContainerItemProxy */ = {
			isa = PBXContainerItemProxy;
			containerPortal = 849E1F111C7ED8CE00FA8E8F /* Project object */;
			proxyType = 1;
			remoteGlobalIDString = 849E1F181C7ED8CE00FA8E8F;
			remoteInfo = "Functional-Module";
		};
/* End PBXContainerItemProxy section */

/* Begin PBXFileReference section */
		849E1F191C7ED8CE00FA8E8F /* Functional-Module.app */ = {isa = PBXFileReference; explicitFileType = wrapper.application; includeInIndex = 0; path = "Functional-Module.app"; sourceTree = BUILT_PRODUCTS_DIR; };
		849E1F1D1C7ED8CE00FA8E8F /* Info.plist */ = {isa = PBXFileReference; lastKnownFileType = text.plist.xml; path = Info.plist; sourceTree = "<group>"; };
		849E1F1E1C7ED8CE00FA8E8F /* main.m */ = {isa = PBXFileReference; lastKnownFileType = sourcecode.c.objc; path = main.m; sourceTree = "<group>"; };
		849E1F201C7ED8CE00FA8E8F /* AppDelegate.h */ = {isa = PBXFileReference; lastKnownFileType = sourcecode.c.h; path = AppDelegate.h; sourceTree = "<group>"; };
		849E1F211C7ED8CE00FA8E8F /* AppDelegate.m */ = {isa = PBXFileReference; lastKnownFileType = sourcecode.c.objc; path = AppDelegate.m; sourceTree = "<group>"; };
		849E1F231C7ED8CE00FA8E8F /* ViewController.h */ = {isa = PBXFileReference; lastKnownFileType = sourcecode.c.h; path = ViewController.h; sourceTree = "<group>"; };
		849E1F241C7ED8CE00FA8E8F /* ViewController.m */ = {isa = PBXFileReference; lastKnownFileType = sourcecode.c.objc; path = ViewController.m; sourceTree = "<group>"; };
		849E1F271C7ED8CE00FA8E8F /* Base */ = {isa = PBXFileReference; lastKnownFileType = file.storyboard; name = Base; path = Base.lproj/Main.storyboard; sourceTree = "<group>"; };
		849E1F291C7ED8CE00FA8E8F /* Images.xcassets */ = {isa = PBXFileReference; lastKnownFileType = folder.assetcatalog; path = Images.xcassets; sourceTree = "<group>"; };
		849E1F2C1C7ED8CE00FA8E8F /* Base */ = {isa = PBXFileReference; lastKnownFileType = file.xib; name = Base; path = Base.lproj/LaunchScreen.xib; sourceTree = "<group>"; };
		849E1F321C7ED8CE00FA8E8F /* Functional-ModuleTests.xctest */ = {isa = PBXFileReference; explicitFileType = wrapper.cfbundle; includeInIndex = 0; path = "Functional-ModuleTests.xctest"; sourceTree = BUILT_PRODUCTS_DIR; };
		849E1F371C7ED8CE00FA8E8F /* Info.plist */ = {isa = PBXFileReference; lastKnownFileType = text.plist.xml; path = Info.plist; sourceTree = "<group>"; };
		849E1F381C7ED8CE00FA8E8F /* Functional_ModuleTests.m */ = {isa = PBXFileReference; lastKnownFileType = sourcecode.c.objc; path = Functional_ModuleTests.m; sourceTree = "<group>"; };
/* End PBXFileReference section */

/* Begin PBXFrameworksBuildPhase section */
		849E1F161C7ED8CE00FA8E8F /* Frameworks */ = {
			isa = PBXFrameworksBuildPhase;
			buildActionMask = 2147483647;
			files = (
			);
			runOnlyForDeploymentPostprocessing = 0;
		};
		849E1F2F1C7ED8CE00FA8E8F /* Frameworks */ = {
			isa = PBXFrameworksBuildPhase;
			buildActionMask = 2147483647;
			files = (
			);
			runOnlyForDeploymentPostprocessing = 0;
		};
/* End PBXFrameworksBuildPhase section */

/* Begin PBXGroup section */
		849E1F101C7ED8CE00FA8E8F = {
			isa = PBXGroup;
			children = (
				849E1F1B1C7ED8CE00FA8E8F /* Functional-Module */,
				849E1F351C7ED8CE00FA8E8F /* Functional-ModuleTests */,
				849E1F1A1C7ED8CE00FA8E8F /* Products */,
			);
			sourceTree = "<group>";
		};
		849E1F1A1C7ED8CE00FA8E8F /* Products */ = {
			isa = PBXGroup;
			children = (
				849E1F191C7ED8CE00FA8E8F /* Functional-Module.app */,
				849E1F321C7ED8CE00FA8E8F /* Functional-ModuleTests.xctest */,
			);
			name = Products;
			sourceTree = "<group>";
		};
		849E1F1B1C7ED8CE00FA8E8F /* Functional-Module */ = {
			isa = PBXGroup;
			children = (
				849E1F201C7ED8CE00FA8E8F /* AppDelegate.h */,
				849E1F211C7ED8CE00FA8E8F /* AppDelegate.m */,
				849E1F231C7ED8CE00FA8E8F /* ViewController.h */,
				849E1F241C7ED8CE00FA8E8F /* ViewController.m */,
				849E1F261C7ED8CE00FA8E8F /* Main.storyboard */,
				849E1F291C7ED8CE00FA8E8F /* Images.xcassets */,
				849E1F2B1C7ED8CE00FA8E8F /* LaunchScreen.xib */,
				849E1F1C1C7ED8CE00FA8E8F /* Supporting Files */,
			);
			path = "Functional-Module";
			sourceTree = "<group>";
		};
		849E1F1C1C7ED8CE00FA8E8F /* Supporting Files */ = {
			isa = PBXGroup;
			children = (
				849E1F1D1C7ED8CE00FA8E8F /* Info.plist */,
				849E1F1E1C7ED8CE00FA8E8F /* main.m */,
			);
			name = "Supporting Files";
			sourceTree = "<group>";
		};
		849E1F351C7ED8CE00FA8E8F /* Functional-ModuleTests */ = {
			isa = PBXGroup;
			children = (
				849E1F381C7ED8CE00FA8E8F /* Functional_ModuleTests.m */,
				849E1F361C7ED8CE00FA8E8F /* Supporting Files */,
			);
			path = "Functional-ModuleTests";
			sourceTree = "<group>";
		};
		849E1F361C7ED8CE00FA8E8F /* Supporting Files */ = {
			isa = PBXGroup;
			children = (
				849E1F371C7ED8CE00FA8E8F /* Info.plist */,
			);
			name = "Supporting Files";
			sourceTree = "<group>";
		};
/* End PBXGroup section */

/* Begin PBXNativeTarget section */
		849E1F181C7ED8CE00FA8E8F /* Functional-Module */ = {
			isa = PBXNativeTarget;
			buildConfigurationList = 849E1F3C1C7ED8CE00FA8E8F /* Build configuration list for PBXNativeTarget "Functional-Module" */;
			buildPhases = (
				849E1F151C7ED8CE00FA8E8F /* Sources */,
				849E1F161C7ED8CE00FA8E8F /* Frameworks */,
				849E1F171C7ED8CE00FA8E8F /* Resources */,
			);
			buildRules = (
			);
			dependencies = (
			);
			name = "Functional-Module";
			productName = "Functional-Module";
			productReference = 849E1F191C7ED8CE00FA8E8F /* Functional-Module.app */;
			productType = "com.apple.product-type.application";
		};
		849E1F311C7ED8CE00FA8E8F /* Functional-ModuleTests */ = {
			isa = PBXNativeTarget;
			buildConfigurationList = 849E1F3F1C7ED8CE00FA8E8F /* Build configuration list for PBXNativeTarget "Functional-ModuleTests" */;
			buildPhases = (
				849E1F2E1C7ED8CE00FA8E8F /* Sources */,
				849E1F2F1C7ED8CE00FA8E8F /* Frameworks */,
				849E1F301C7ED8CE00FA8E8F /* Resources */,
			);
			buildRules = (
			);
			dependencies = (
				849E1F341C7ED8CE00FA8E8F /* PBXTargetDependency */,
			);
			name = "Functional-ModuleTests";
			productName = "Functional-ModuleTests";
			productReference = 849E1F321C7ED8CE00FA8E8F /* Functional-ModuleTests.xctest */;
			productType = "com.apple.product-type.bundle.unit-test";
		};
/* End PBXNativeTarget section */

/* Begin PBXProject section */
		849E1F111C7ED8CE00FA8E8F /* Project object */ = {
			isa = PBXProject;
			attributes = {
				LastUpgradeCheck = 0630;
				ORGANIZATIONNAME = "吴河-admin";
				TargetAttributes = {
					849E1F181C7ED8CE00FA8E8F = {
						CreatedOnToolsVersion = 6.3.1;
					};
					849E1F311C7ED8CE00FA8E8F = {
						CreatedOnToolsVersion = 6.3.1;
						TestTargetID = 849E1F181C7ED8CE00FA8E8F;
					};
				};
			};
			buildConfigurationList = 849E1F141C7ED8CE00FA8E8F /* Build configuration list for PBXProject "Functional-Module" */;
			compatibilityVersion = "Xcode 3.2";
			developmentRegion = English;
			hasScannedForEncodings = 0;
			knownRegions = (
				en,
				Base,
			);
			mainGroup = 849E1F101C7ED8CE00FA8E8F;
			productRefGroup = 849E1F1A1C7ED8CE00FA8E8F /* Products */;
			projectDirPath = "";
			projectRoot = "";
			targets = (
				849E1F181C7ED8CE00FA8E8F /* Functional-Module */,
				849E1F311C7ED8CE00FA8E8F /* Functional-ModuleTests */,
			);
		};
/* End PBXProject section */

/* Begin PBXResourcesBuildPhase section */
		849E1F171C7ED8CE00FA8E8F /* Resources */ = {
			isa = PBXResourcesBuildPhase;
			buildActionMask = 2147483647;
			files = (
				849E1F281C7ED8CE00FA8E8F /* Main.storyboard in Resources */,
				849E1F2D1C7ED8CE00FA8E8F /* LaunchScreen.xib in Resources */,
				849E1F2A1C7ED8CE00FA8E8F /* Images.xcassets in Resources */,
			);
			runOnlyForDeploymentPostprocessing = 0;
		};
		849E1F301C7ED8CE00FA8E8F /* Resources */ = {
			isa = PBXResourcesBuildPhase;
			buildActionMask = 2147483647;
			files = (
			);
			runOnlyForDeploymentPostprocessing = 0;
		};
/* End PBXResourcesBuildPhase section */

/* Begin PBXSourcesBuildPhase section */
		849E1F151C7ED8CE00FA8E8F /* Sources */ = {
			isa = PBXSourcesBuildPhase;
			buildActionMask = 2147483647;
			files = (
				849E1F251C7ED8CE00FA8E8F /* ViewController.m in Sources */,
				849E1F221C7ED8CE00FA8E8F /* AppDelegate.m in Sources */,
				849E1F1F1C7ED8CE00FA8E8F /* main.m in Sources */,
			);
			runOnlyForDeploymentPostprocessing = 0;
		};
		849E1F2E1C7ED8CE00FA8E8F /* Sources */ = {
			isa = PBXSourcesBuildPhase;
			buildActionMask = 2147483647;
			files = (
				849E1F391C7ED8CE00FA8E8F /* Functional_ModuleTests.m in Sources */,
			);
			runOnlyForDeploymentPostprocessing = 0;
		};
/* End PBXSourcesBuildPhase section */

/* Begin PBXTargetDependency section */
		849E1F341C7ED8CE00FA8E8F /* PBXTargetDependency */ = {
			isa = PBXTargetDependency;
			target = 849E1F181C7ED8CE00FA8E8F /* Functional-Module */;
			targetProxy = 849E1F331C7ED8CE00FA8E8F /* PBXContainerItemProxy */;
		};
/* End PBXTargetDependency section */

/* Begin PBXVariantGroup section */
		849E1F261C7ED8CE00FA8E8F /* Main.storyboard */ = {
			isa = PBXVariantGroup;
			children = (
				849E1F271C7ED8CE00FA8E8F /* Base */,
			);
			name = Main.storyboard;
			sourceTree = "<group>";
		};
		849E1F2B1C7ED8CE00FA8E8F /* LaunchScreen.xib */ = {
			isa = PBXVariantGroup;
			children = (
				849E1F2C1C7ED8CE00FA8E8F /* Base */,
			);
			name = LaunchScreen.xib;
			sourceTree = "<group>";
		};
/* End PBXVariantGroup section */

/* Begin XCBuildConfiguration section */
		849E1F3A1C7ED8CE00FA8E8F /* Debug */ = {
			isa = XCBuildConfiguration;
			buildSettings = {
				ALWAYS_SEARCH_USER_PATHS = NO;
				CLANG_CXX_LANGUAGE_STANDARD = "gnu++0x";
				CLANG_CXX_LIBRARY = "libc++";
				CLANG_ENABLE_MODULES = YES;
				CLANG_ENABLE_OBJC_ARC = YES;
				CLANG_WARN_BOOL_CONVERSION = YES;
				CLANG_WARN_CONSTANT_CONVERSION = YES;
				CLANG_WARN_DIRECT_OBJC_ISA_USAGE = YES_ERROR;
				CLANG_WARN_EMPTY_BODY = YES;
				CLANG_WARN_ENUM_CONVERSION = YES;
				CLANG_WARN_INT_CONVERSION = YES;
				CLANG_WARN_OBJC_ROOT_CLASS = YES_ERROR;
				CLANG_WARN_UNREACHABLE_CODE = YES;
				CLANG_WARN__DUPLICATE_METHOD_MATCH = YES;
				"CODE_SIGN_IDENTITY[sdk=iphoneos*]" = "iPhone Developer";
				COPY_PHASE_STRIP = NO;
				DEBUG_INFORMATION_FORMAT = "dwarf-with-dsym";
				ENABLE_STRICT_OBJC_MSGSEND = YES;
				GCC_C_LANGUAGE_STANDARD = gnu99;
				GCC_DYNAMIC_NO_PIC = NO;
				GCC_NO_COMMON_BLOCKS = YES;
				GCC_OPTIMIZATION_LEVEL = 0;
				GCC_PREPROCESSOR_DEFINITIONS = (
					"DEBUG=1",
					"$(inherited)",
				);
				GCC_SYMBOLS_PRIVATE_EXTERN = NO;
				GCC_WARN_64_TO_32_BIT_CONVERSION = YES;
				GCC_WARN_ABOUT_RETURN_TYPE = YES_ERROR;
				GCC_WARN_UNDECLARED_SELECTOR = YES;
				GCC_WARN_UNINITIALIZED_AUTOS = YES_AGGRESSIVE;
				GCC_WARN_UNUSED_FUNCTION = YES;
				GCC_WARN_UNUSED_VARIABLE = YES;
				IPHONEOS_DEPLOYMENT_TARGET = 8.3;
				MTL_ENABLE_DEBUG_INFO = YES;
				ONLY_ACTIVE_ARCH = YES;
				SDKROOT = iphoneos;
			};
			name = Debug;
		};
		849E1F3B1C7ED8CE00FA8E8F /* Release */ = {
			isa = XCBuildConfiguration;
			buildSettings = {
				ALWAYS_SEARCH_USER_PATHS = NO;
				CLANG_CXX_LANGUAGE_STANDARD = "gnu++0x";
				CLANG_CXX_LIBRARY = "libc++";
				CLANG_ENABLE_MODULES = YES;
				CLANG_ENABLE_OBJC_ARC = YES;
				CLANG_WARN_BOOL_CONVERSION = YES;
				CLANG_WARN_CONSTANT_CONVERSION = YES;
				CLANG_WARN_DIRECT_OBJC_ISA_USAGE = YES_ERROR;
				CLANG_WARN_EMPTY_BODY = YES;
				CLANG_WARN_ENUM_CONVERSION = YES;
				CLANG_WARN_INT_CONVERSION = YES;
				CLANG_WARN_OBJC_ROOT_CLASS = YES_ERROR;
				CLANG_WARN_UNREACHABLE_CODE = YES;
				CLANG_WARN__DUPLICATE_METHOD_MATCH = YES;
				"CODE_SIGN_IDENTITY[sdk=iphoneos*]" = "iPhone Developer";
				COPY_PHASE_STRIP = NO;
				DEBUG_INFORMATION_FORMAT = "dwarf-with-dsym";
				ENABLE_NS_ASSERTIONS = NO;
				ENABLE_STRICT_OBJC_MSGSEND = YES;
				GCC_C_LANGUAGE_STANDARD = gnu99;
				GCC_NO_COMMON_BLOCKS = YES;
				GCC_WARN_64_TO_32_BIT_CONVERSION = YES;
				GCC_WARN_ABOUT_RETURN_TYPE = YES_ERROR;
				GCC_WARN_UNDECLARED_SELECTOR = YES;
				GCC_WARN_UNINITIALIZED_AUTOS = YES_AGGRESSIVE;
				GCC_WARN_UNUSED_FUNCTION = YES;
				GCC_WARN_UNUSED_VARIABLE = YES;
				IPHONEOS_DEPLOYMENT_TARGET = 8.3;
				MTL_ENABLE_DEBUG_INFO = NO;
				SDKROOT = iphoneos;
				VALIDATE_PRODUCT = YES;
			};
			name = Release;
		};
		849E1F3D1C7ED8CE00FA8E8F /* Debug */ = {
			isa = XCBuildConfiguration;
			buildSettings = {
				ASSETCATALOG_COMPILER_APPICON_NAME = AppIcon;
				INFOPLIST_FILE = "Functional-Module/Info.plist";
				LD_RUNPATH_SEARCH_PATHS = "$(inherited) @executable_path/Frameworks";
				PRODUCT_NAME = "$(TARGET_NAME)";
			};
			name = Debug;
		};
		849E1F3E1C7ED8CE00FA8E8F /* Release */ = {
			isa = XCBuildConfiguration;
			buildSettings = {
				ASSETCATALOG_COMPILER_APPICON_NAME = AppIcon;
				INFOPLIST_FILE = "Functional-Module/Info.plist";
				LD_RUNPATH_SEARCH_PATHS = "$(inherited) @executable_path/Frameworks";
				PRODUCT_NAME = "$(TARGET_NAME)";
			};
			name = Release;
		};
		849E1F401C7ED8CE00FA8E8F /* Debug */ = {
			isa = XCBuildConfiguration;
			buildSettings = {
				BUNDLE_LOADER = "$(TEST_HOST)";
				FRAMEWORK_SEARCH_PATHS = (
					"$(SDKROOT)/Developer/Library/Frameworks",
					"$(inherited)",
				);
				GCC_PREPROCESSOR_DEFINITIONS = (
					"DEBUG=1",
					"$(inherited)",
				);
				INFOPLIST_FILE = "Functional-ModuleTests/Info.plist";
				LD_RUNPATH_SEARCH_PATHS = "$(inherited) @executable_path/Frameworks @loader_path/Frameworks";
				PRODUCT_NAME = "$(TARGET_NAME)";
				TEST_HOST = "$(BUILT_PRODUCTS_DIR)/Functional-Module.app/Functional-Module";
			};
			name = Debug;
		};
		849E1F411C7ED8CE00FA8E8F /* Release */ = {
			isa = XCBuildConfiguration;
			buildSettings = {
				BUNDLE_LOADER = "$(TEST_HOST)";
				FRAMEWORK_SEARCH_PATHS = (
					"$(SDKROOT)/Developer/Library/Frameworks",
					"$(inherited)",
				);
				INFOPLIST_FILE = "Functional-ModuleTests/Info.plist";
				LD_RUNPATH_SEARCH_PATHS = "$(inherited) @executable_path/Frameworks @loader_path/Frameworks";
				PRODUCT_NAME = "$(TARGET_NAME)";
				TEST_HOST = "$(BUILT_PRODUCTS_DIR)/Functional-Module.app/Functional-Module";
			};
			name = Release;
		};
/* End XCBuildConfiguration section */

/* Begin XCConfigurationList section */
		849E1F141C7ED8CE00FA8E8F /* Build configuration list for PBXProject "Functional-Module" */ = {
			isa = XCConfigurationList;
			buildConfigurations = (
				849E1F3A1C7ED8CE00FA8E8F /* Debug */,
				849E1F3B1C7ED8CE00FA8E8F /* Release */,
			);
			defaultConfigurationIsVisible = 0;
			defaultConfigurationName = Release;
		};
		849E1F3C1C7ED8CE00FA8E8F /* Build configuration list for PBXNativeTarget "Functional-Module" */ = {
			isa = XCConfigurationList;
			buildConfigurations = (
				849E1F3D1C7ED8CE00FA8E8F /* Debug */,
				849E1F3E1C7ED8CE00FA8E8F /* Release */,
			);
			defaultConfigurationIsVisible = 0;
		};
		849E1F3F1C7ED8CE00FA8E8F /* Build configuration list for PBXNativeTarget "Functional-ModuleTests" */ = {
			isa = XCConfigurationList;
			buildConfigurations = (
				849E1F401C7ED8CE00FA8E8F /* Debug */,
				849E1F411C7ED8CE00FA8E8F /* Release */,
			);
			defaultConfigurationIsVisible = 0;
		};
/* End XCConfigurationList section */
	};
	rootObject = 849E1F111C7ED8CE00FA8E8F /* Project object */;
}
